{
  "name": "lunadb",
  "version": "3.1.5",
  "lockfileVersion": 2,
  "requires": true,
  "packages": {
    "": {
      "name": "lunadb",
      "version": "3.1.5",
      "license": "AGPL-3.0",
      "dependencies": {
        "fs": "^0.0.1-security",
        "json-collection": "^1.1.2",
        "net": "^1.0.2"
      }
    },
    "node_modules/fs": {
      "version": "0.0.1-security",
      "resolved": "https://registry.npmjs.org/fs/-/fs-0.0.1-security.tgz",
      "integrity": "sha512-3XY9e1pP0CVEUCdj5BmfIZxRBTSDycnbqhIOGec9QYtmVH2fbLpj86CFWkrNOkt/Fvty4KZG5lTglL9j/gJ87w=="
    },
    "node_modules/json-collection": {
      "version": "1.1.2",
      "resolved": "https://registry.npmjs.org/json-collection/-/json-collection-1.1.2.tgz",
      "integrity": "sha512-YSshiIaF3QosXB/SLtCjgOo8tUI87GcynMh7VArnXTXg5+dgHEaSijcU/mGtBa46YBCIZYkLQ8SdA8cg8+xryw=="
    },
    "node_modules/net": {
      "version": "1.0.2",
      "resolved": "https://registry.npmjs.org/net/-/net-1.0.2.tgz",
      "integrity": "sha512-kbhcj2SVVR4caaVnGLJKmlk2+f+oLkjqdKeQlmUtz6nGzOpbcobwVIeSURNgraV/v3tlmGIX82OcPCl0K6RbHQ=="
    }
  },
  "dependencies": {
    "fs": {
      "version": "0.0.1-security",
      "resolved": "https://registry.npmjs.org/fs/-/fs-0.0.1-security.tgz",
      "integrity": "sha512-3XY9e1pP0CVEUCdj5BmfIZxRBTSDycnbqhIOGec9QYtmVH2fbLpj86CFWkrNOkt/Fvty4KZG5lTglL9j/gJ87w=="
    },
    "json-collection": {
      "version": "1.1.2",
      "resolved": "https://registry.npmjs.org/json-collection/-/json-collection-1.1.2.tgz",
      "integrity": "sha512-YSshiIaF3QosXB/SLtCjgOo8tUI87GcynMh7VArnXTXg5+dgHEaSijcU/mGtBa46YBCIZYkLQ8SdA8cg8+xryw=="
    },
    "net": {
      "version": "1.0.2",
      "resolved": "https://registry.npmjs.org/net/-/net-1.0.2.tgz",
      "integrity": "sha512-kbhcj2SVVR4caaVnGLJKmlk2+f+oLkjqdKeQlmUtz6nGzOpbcobwVIeSURNgraV/v3tlmGIX82OcPCl0K6RbHQ=="
    }
  }
}
